
Microsoft Visual Studio Solution File, Format Version 12.00
# Visual Studio Version 17
VisualStudioVersion = 17.4.33110.190
MinimumVisualStudioVersion = 10.0.40219.1
Project("{9A19103F-16F7-4668-BE54-9A1E7A4F7556}") = "verse-interpreter.exe", "verse-interpreter\verse-interpreter.exe.csproj", "{C06F4FE2-A14A-4247-8B83-46C0D3E61C9D}"
EndProject
Project("{9A19103F-16F7-4668-BE54-9A1E7A4F7556}") = "verse-interpreter.lib", "verse-interpreter.lib\verse-interpreter.lib.csproj", "{6BF974F6-CBA0-414C-8680-CD1C206D4539}"
EndProject
Project("{9A19103F-16F7-4668-BE54-9A1E7A4F7556}") = "verse-interpreter.tests", "verse-interpreter.tests\verse-interpreter.tests.csproj", "{A48C203B-3B4C-4892-82EF-13CDD2F599D7}"
EndProject
Project("{2150E333-8FDC-42A3-9474-1A3956D46DE8}") = "Solution Items", "Solution Items", "{71F14D19-26D8-420F-9669-C13BD71EDE99}"
	ProjectSection(SolutionItems) = preProject
		.editorconfig = .editorconfig
	EndProjectSection
EndProject
Global
	GlobalSection(SolutionConfigurationPlatforms) = preSolution
		Debug|Any CPU = Debug|Any CPU
		Release|Any CPU = Release|Any CPU
	EndGlobalSection
	GlobalSection(ProjectConfigurationPlatforms) = postSolution
		{C06F4FE2-A14A-4247-8B83-46C0D3E61C9D}.Debug|Any CPU.ActiveCfg = Debug|Any CPU
		{C06F4FE2-A14A-4247-8B83-46C0D3E61C9D}.Debug|Any CPU.Build.0 = Debug|Any CPU
		{C06F4FE2-A14A-4247-8B83-46C0D3E61C9D}.Release|Any CPU.ActiveCfg = Release|Any CPU
		{C06F4FE2-A14A-4247-8B83-46C0D3E61C9D}.Release|Any CPU.Build.0 = Release|Any CPU
		{6BF974F6-CBA0-414C-8680-CD1C206D4539}.Debug|Any CPU.ActiveCfg = Debug|Any CPU
		{6BF974F6-CBA0-414C-8680-CD1C206D4539}.Debug|Any CPU.Build.0 = Debug|Any CPU
		{6BF974F6-CBA0-414C-8680-CD1C206D4539}.Release|Any CPU.ActiveCfg = Release|Any CPU
		{6BF974F6-CBA0-414C-8680-CD1C206D4539}.Release|Any CPU.Build.0 = Release|Any CPU
		{A48C203B-3B4C-4892-82EF-13CDD2F599D7}.Debug|Any CPU.ActiveCfg = Debug|Any CPU
		{A48C203B-3B4C-4892-82EF-13CDD2F599D7}.Debug|Any CPU.Build.0 = Debug|Any CPU
		{A48C203B-3B4C-4892-82EF-13CDD2F599D7}.Release|Any CPU.ActiveCfg = Release|Any CPU
		{A48C203B-3B4C-4892-82EF-13CDD2F599D7}.Release|Any CPU.Build.0 = Release|Any CPU
	EndGlobalSection
	GlobalSection(SolutionProperties) = preSolution
		HideSolutionNode = FALSE
	EndGlobalSection
	GlobalSection(ExtensibilityGlobals) = postSolution
		SolutionGuid = {F221A9F2-398B-45C4-827D-78DE71DA2B2E}
	EndGlobalSection
EndGlobal
